
Microsoft Visual Studio Solution File, Format Version 12.00
# Visual Studio Version 16
VisualStudioVersion = 16.0.30503.244
MinimumVisualStudioVersion = 10.0.40219.1
Project("{FAE04EC0-301F-11D3-BF4B-00C04F79EFBC}") = "BlackJackBot", "BlackJackBot.csproj", "{D64F3073-8FD4-4C0C-8249-592DFAAE6AFD}"
EndProject
Project("{FAE04EC0-301F-11D3-BF4B-00C04F79EFBC}") = "BlackJackBot.Utilities", "..\BlackJackBot.Utilities\BlackJackBot.Utilities.csproj", "{39D9E7FD-5648-4A41-A962-4A088568EC4E}"
EndProject
Global
	GlobalSection(SolutionConfigurationPlatforms) = preSolution
		Debug|Any CPU = Debug|Any CPU
		Release|Any CPU = Release|Any CPU
	EndGlobalSection
	GlobalSection(ProjectConfigurationPlatforms) = postSolution
		{D64F3073-8FD4-4C0C-8249-592DFAAE6AFD}.Debug|Any CPU.ActiveCfg = Debug|Any CPU
		{D64F3073-8FD4-4C0C-8249-592DFAAE6AFD}.Debug|Any CPU.Build.0 = Debug|Any CPU
		{D64F3073-8FD4-4C0C-8249-592DFAAE6AFD}.Release|Any CPU.ActiveCfg = Release|Any CPU
		{D64F3073-8FD4-4C0C-8249-592DFAAE6AFD}.Release|Any CPU.Build.0 = Release|Any CPU
		{39D9E7FD-5648-4A41-A962-4A088568EC4E}.Debug|Any CPU.ActiveCfg = Debug|Any CPU
		{39D9E7FD-5648-4A41-A962-4A088568EC4E}.Debug|Any CPU.Build.0 = Debug|Any CPU
		{39D9E7FD-5648-4A41-A962-4A088568EC4E}.Release|Any CPU.ActiveCfg = Release|Any CPU
		{39D9E7FD-5648-4A41-A962-4A088568EC4E}.Release|Any CPU.Build.0 = Release|Any CPU
	EndGlobalSection
	GlobalSection(SolutionProperties) = preSolution
		HideSolutionNode = FALSE
	EndGlobalSection
	GlobalSection(ExtensibilityGlobals) = postSolution
		SolutionGuid = {4F67B1A3-A866-4270-9339-48078C545993}
	EndGlobalSection
EndGlobal
